Microsoft Visual Studio Solution File, Format Version 10.00
# Visual Basic Express 2008
Project("{F184B08F-C81C-45F6-A57F-5ABD9991F28F}") = "Advanced Irc Lib", "Advanced Irc Lib\Advanced Irc Lib.vbproj", "{81A81342-527F-4B55-B699-EDFA7F9504FD}"
EndProject
Global
	GlobalSection(SolutionConfigurationPlatforms) = preSolution
		Debug|Any CPU = Debug|Any CPU
		Release|Any CPU = Release|Any CPU
	EndGlobalSection
	GlobalSection(ProjectConfigurationPlatforms) = postSolution
		{81A81342-527F-4B55-B699-EDFA7F9504FD}.Debug|Any CPU.ActiveCfg = Debug|Any CPU
		{81A81342-527F-4B55-B699-EDFA7F9504FD}.Debug|Any CPU.Build.0 = Debug|Any CPU
		{81A81342-527F-4B55-B699-EDFA7F9504FD}.Release|Any CPU.ActiveCfg = Release|Any CPU
		{81A81342-527F-4B55-B699-EDFA7F9504FD}.Release|Any CPU.Build.0 = Release|Any CPU
	EndGlobalSection
	GlobalSection(SolutionProperties) = preSolution
		HideSolutionNode = FALSE
	EndGlobalSection
EndGlobal
